
Microsoft Visual Studio Solution File, Format Version 12.00
# Visual Studio 14
VisualStudioVersion = 14.0.23107.0
MinimumVisualStudioVersion = 10.0.40219.1
Project("{FAE04EC0-301F-11D3-BF4B-00C04F79EFBC}") = "ApiPush", "ApiPush\ApiPush.csproj", "{7B4C69D4-76AF-4ADD-8F59-BF413C3CC1BB}"
EndProject
Project("{FAE04EC0-301F-11D3-BF4B-00C04F79EFBC}") = "TestPublisher", "Publisher\TestPublisher.csproj", "{569BCCE5-BF7C-4989-BC11-2386042F1C00}"
EndProject
Project("{FAE04EC0-301F-11D3-BF4B-00C04F79EFBC}") = "ApiPush.Tests", "ApiPush.Tests\ApiPush.Tests.csproj", "{8C5F5E53-F518-4C7C-9685-A6784FFB69F0}"
EndProject
Global
	GlobalSection(SolutionConfigurationPlatforms) = preSolution
		Debug|Any CPU = Debug|Any CPU
		Release|Any CPU = Release|Any CPU
	EndGlobalSection
	GlobalSection(ProjectConfigurationPlatforms) = postSolution
		{7B4C69D4-76AF-4ADD-8F59-BF413C3CC1BB}.Debug|Any CPU.ActiveCfg = Debug|Any CPU
		{7B4C69D4-76AF-4ADD-8F59-BF413C3CC1BB}.Debug|Any CPU.Build.0 = Debug|Any CPU
		{7B4C69D4-76AF-4ADD-8F59-BF413C3CC1BB}.Release|Any CPU.ActiveCfg = Release|Any CPU
		{7B4C69D4-76AF-4ADD-8F59-BF413C3CC1BB}.Release|Any CPU.Build.0 = Release|Any CPU
		{569BCCE5-BF7C-4989-BC11-2386042F1C00}.Debug|Any CPU.ActiveCfg = Debug|Any CPU
		{569BCCE5-BF7C-4989-BC11-2386042F1C00}.Debug|Any CPU.Build.0 = Debug|Any CPU
		{569BCCE5-BF7C-4989-BC11-2386042F1C00}.Release|Any CPU.ActiveCfg = Release|Any CPU
		{569BCCE5-BF7C-4989-BC11-2386042F1C00}.Release|Any CPU.Build.0 = Release|Any CPU
		{8C5F5E53-F518-4C7C-9685-A6784FFB69F0}.Debug|Any CPU.ActiveCfg = Debug|Any CPU
		{8C5F5E53-F518-4C7C-9685-A6784FFB69F0}.Debug|Any CPU.Build.0 = Debug|Any CPU
		{8C5F5E53-F518-4C7C-9685-A6784FFB69F0}.Release|Any CPU.ActiveCfg = Release|Any CPU
		{8C5F5E53-F518-4C7C-9685-A6784FFB69F0}.Release|Any CPU.Build.0 = Release|Any CPU
	EndGlobalSection
	GlobalSection(SolutionProperties) = preSolution
		HideSolutionNode = FALSE
	EndGlobalSection
EndGlobal
